// !$*UTF8*$!
{
	archiveVersion = 1;
	classes = {
	};
	objectVersion = 50;
	objects = {

/* Begin PBXBuildFile section */
		AB9ABDA624AD55E0003E950E /* AppDelegate.swift in Sources */ = {isa = PBXBuildFile; fileRef = AB9ABDA524AD55E0003E950E /* AppDelegate.swift */; };
		AB9ABDA824AD55E0003E950E /* SceneDelegate.swift in Sources */ = {isa = PBXBuildFile; fileRef = AB9ABDA724AD55E0003E950E /* SceneDelegate.swift */; };
		AB9ABDAA24AD55E0003E950E /* ViewController.swift in Sources */ = {isa = PBXBuildFile; fileRef = AB9ABDA924AD55E0003E950E /* ViewController.swift */; };
		AB9ABDAD24AD55E0003E950E /* Main.storyboard in Resources */ = {isa = PBXBuildFile; fileRef = AB9ABDAB24AD55E0003E950E /* Main.storyboard */; };
		AB9ABDAF24AD55E1003E950E /* Assets.xcassets in Resources */ = {isa = PBXBuildFile; fileRef = AB9ABDAE24AD55E1003E950E /* Assets.xcassets */; };
		AB9ABDB224AD55E1003E950E /* LaunchScreen.storyboard in Resources */ = {isa = PBXBuildFile; fileRef = AB9ABDB024AD55E1003E950E /* LaunchScreen.storyboard */; };
/* End PBXBuildFile section */

/* Begin PBXFileReference section */
		AB9ABDA224AD55E0003E950E /* HS4Prim.app */ = {isa = PBXFileReference; explicitFileType = wrapper.application; includeInIndex = 0; path = HS4Prim.app; sourceTree = BUILT_PRODUCTS_DIR; };
		AB9ABDA524AD55E0003E950E /* AppDelegate.swift */ = {isa = PBXFileReference; lastKnownFileType = sourcecode.swift; path = AppDelegate.swift; sourceTree = "<group>"; };
		AB9ABDA724AD55E0003E950E /* SceneDelegate.swift */ = {isa = PBXFileReference; lastKnownFileType = sourcecode.swift; path = SceneDelegate.swift; sourceTree = "<group>"; };
		AB9ABDA924AD55E0003E950E /* ViewController.swift */ = {isa = PBXFileReference; lastKnownFileType = sourcecode.swift; path = ViewController.swift; sourceTree = "<group>"; };
		AB9ABDAC24AD55E0003E950E /* Base */ = {isa = PBXFileReference; lastKnownFileType = file.storyboard; name = Base; path = Base.lproj/Main.storyboard; sourceTree = "<group>"; };
		AB9ABDAE24AD55E1003E950E /* Assets.xcassets */ = {isa = PBXFileReference; lastKnownFileType = folder.assetcatalog; path = Assets.xcassets; sourceTree = "<group>"; };
		AB9ABDB124AD55E1003E950E /* Base */ = {isa = PBXFileReference; lastKnownFileType = file.storyboard; name = Base; path = Base.lproj/LaunchScreen.storyboard; sourceTree = "<group>"; };
		AB9ABDB324AD55E1003E950E /* Info.plist */ = {isa = PBXFileReference; lastKnownFileType = text.plist.xml; path = Info.plist; sourceTree = "<group>"; };
/* End PBXFileReference section */

/* Begin PBXFrameworksBuildPhase section */
		AB9ABD9F24AD55E0003E950E /* Frameworks */ = {
			isa = PBXFrameworksBuildPhase;
			buildActionMask = 2147483647;
			files = (
			);
			runOnlyForDeploymentPostprocessing = 0;
		};
/* End PBXFrameworksBuildPhase section */

/* Begin PBXGroup section */
		AB9ABD9924AD55E0003E950E = {
			isa = PBXGroup;
			children = (
				AB9ABDA424AD55E0003E950E /* HS4Prim */,
				AB9ABDA324AD55E0003E950E /* Products */,
			);
			sourceTree = "<group>";
		};
		AB9ABDA324AD55E0003E950E /* Products */ = {
			isa = PBXGroup;
			children = (
				AB9ABDA224AD55E0003E950E /* HS4Prim.app */,
			);
			name = Products;
			sourceTree = "<group>";
		};
		AB9ABDA424AD55E0003E950E /* HS4Prim */ = {
			isa = PBXGroup;
			children = (
				AB9ABDB924AD561F003E950E /* Resources */,
				AB9ABDBC24AD5632003E950E /* Controllers */,
				AB9ABDBA24AD5627003E950E /* Views */,
			);
			path = HS4Prim;
			sourceTree = "<group>";
		};
		AB9ABDB924AD561F003E950E /* Resources */ = {
			isa = PBXGroup;
			children = (
				AB9ABDA524AD55E0003E950E /* AppDelegate.swift */,
				AB9ABDA724AD55E0003E950E /* SceneDelegate.swift */,
				AB9ABDAE24AD55E1003E950E /* Assets.xcassets */,
				AB9ABDB324AD55E1003E950E /* Info.plist */,
			);
			path = Resources;
			sourceTree = "<group>";
		};
		AB9ABDBA24AD5627003E950E /* Views */ = {
			isa = PBXGroup;
			children = (
				AB9ABDBB24AD562C003E950E /* Storyboards */,
			);
			path = Views;
			sourceTree = "<group>";
		};
		AB9ABDBB24AD562C003E950E /* Storyboards */ = {
			isa = PBXGroup;
			children = (
				AB9ABDAB24AD55E0003E950E /* Main.storyboard */,
				AB9ABDB024AD55E1003E950E /* LaunchScreen.storyboard */,
			);
			path = Storyboards;
			sourceTree = "<group>";
		};
		AB9ABDBC24AD5632003E950E /* Controllers */ = {
			isa = PBXGroup;
			children = (
				AB9ABDA924AD55E0003E950E /* ViewController.swift */,
			);
			path = Controllers;
			sourceTree = "<group>";
		};
/* End PBXGroup section */

/* Begin PBXNativeTarget section */
		AB9ABDA124AD55E0003E950E /* HS4Prim */ = {
			isa = PBXNativeTarget;
			buildConfigurationList = AB9ABDB624AD55E1003E950E /* Build configuration list for PBXNativeTarget "HS4Prim" */;
			buildPhases = (
				AB9ABD9E24AD55E0003E950E /* Sources */,
				AB9ABD9F24AD55E0003E950E /* Frameworks */,
				AB9ABDA024AD55E0003E950E /* Resources */,
			);
			buildRules = (
			);
			dependencies = (
			);
			name = HS4Prim;
			productName = HS4Prim;
			productReference = AB9ABDA224AD55E0003E950E /* HS4Prim.app */;
			productType = "com.apple.product-type.application";
		};
/* End PBXNativeTarget section */

/* Begin PBXProject section */
		AB9ABD9A24AD55E0003E950E /* Project object */ = {
			isa = PBXProject;
			attributes = {
				LastSwiftUpdateCheck = 1150;
				LastUpgradeCheck = 1150;
				ORGANIZATIONNAME = "Aaron Shackelford";
				TargetAttributes = {
					AB9ABDA124AD55E0003E950E = {
						CreatedOnToolsVersion = 11.5;
					};
				};
			};
			buildConfigurationList = AB9ABD9D24AD55E0003E950E /* Build configuration list for PBXProject "HS4Prim" */;
			compatibilityVersion = "Xcode 9.3";
			developmentRegion = en;
			hasScannedForEncodings = 0;
			knownRegions = (
				en,
				Base,
			);
			mainGroup = AB9ABD9924AD55E0003E950E;
			productRefGroup = AB9ABDA324AD55E0003E950E /* Products */;
			projectDirPath = "";
			projectRoot = "";
			targets = (
				AB9ABDA124AD55E0003E950E /* HS4Prim */,
			);
		};
/* End PBXProject section */

/* Begin PBXResourcesBuildPhase section */
		AB9ABDA024AD55E0003E950E /* Resources */ = {
			isa = PBXResourcesBuildPhase;
			buildActionMask = 2147483647;
			files = (
				AB9ABDB224AD55E1003E950E /* LaunchScreen.storyboard in Resources */,
				AB9ABDAF24AD55E1003E950E /* Assets.xcassets in Resources */,
				AB9ABDAD24AD55E0003E950E /* Main.storyboard in Resources */,
			);
			runOnlyForDeploymentPostprocessing = 0;
		};
/* End PBXResourcesBuildPhase section */

/* Begin PBXSourcesBuildPhase section */
		AB9ABD9E24AD55E0003E950E /* Sources */ = {
			isa = PBXSourcesBuildPhase;
			buildActionMask = 2147483647;
			files = (
				AB9ABDAA24AD55E0003E950E /* ViewController.swift in Sources */,
				AB9ABDA624AD55E0003E950E /* AppDelegate.swift in Sources */,
				AB9ABDA824AD55E0003E950E /* SceneDelegate.swift in Sources */,
			);
			runOnlyForDeploymentPostprocessing = 0;
		};
/* End PBXSourcesBuildPhase section */

/* Begin PBXVariantGroup section */
		AB9ABDAB24AD55E0003E950E /* Main.storyboard */ = {
			isa = PBXVariantGroup;
			children = (
				AB9ABDAC24AD55E0003E950E /* Base */,
			);
			name = Main.storyboard;
			sourceTree = "<group>";
		};
		AB9ABDB024AD55E1003E950E /* LaunchScreen.storyboard */ = {
			isa = PBXVariantGroup;
			children = (
				AB9ABDB124AD55E1003E950E /* Base */,
			);
			name = LaunchScreen.storyboard;
			sourceTree = "<group>";
		};
/* End PBXVariantGroup section */

/* Begin XCBuildConfiguration section */
		AB9ABDB424AD55E1003E950E /* Debug */ = {
			isa = XCBuildConfiguration;
			buildSettings = {
				ALWAYS_SEARCH_USER_PATHS = NO;
				CLANG_ANALYZER_NONNULL = YES;
				CLANG_ANALYZER_NUMBER_OBJECT_CONVERSION = YES_AGGRESSIVE;
				CLANG_CXX_LANGUAGE_STANDARD = "gnu++14";
				CLANG_CXX_LIBRARY = "libc++";
				CLANG_ENABLE_MODULES = YES;
				CLANG_ENABLE_OBJC_ARC = YES;
				CLANG_ENABLE_OBJC_WEAK = YES;
				CLANG_WARN_BLOCK_CAPTURE_AUTORELEASING = YES;
				CLANG_WARN_BOOL_CONVERSION = YES;
				CLANG_WARN_COMMA = YES;
				CLANG_WARN_CONSTANT_CONVERSION = YES;
				CLANG_WARN_DEPRECATED_OBJC_IMPLEMENTATIONS = YES;
				CLANG_WARN_DIRECT_OBJC_ISA_USAGE = YES_ERROR;
				CLANG_WARN_DOCUMENTATION_COMMENTS = YES;
				CLANG_WARN_EMPTY_BODY = YES;
				CLANG_WARN_ENUM_CONVERSION = YES;
				CLANG_WARN_INFINITE_RECURSION = YES;
				CLANG_WARN_INT_CONVERSION = YES;
				CLANG_WARN_NON_LITERAL_NULL_CONVERSION = YES;
				CLANG_WARN_OBJC_IMPLICIT_RETAIN_SELF = YES;
				CLANG_WARN_OBJC_LITERAL_CONVERSION = YES;
				CLANG_WARN_OBJC_ROOT_CLASS = YES_ERROR;
				CLANG_WARN_RANGE_LOOP_ANALYSIS = YES;
				CLANG_WARN_STRICT_PROTOTYPES = YES;
				CLANG_WARN_SUSPICIOUS_MOVE = YES;
				CLANG_WARN_UNGUARDED_AVAILABILITY = YES_AGGRESSIVE;
				CLANG_WARN_UNREACHABLE_CODE = YES;
				CLANG_WARN__DUPLICATE_METHOD_MATCH = YES;
				COPY_PHASE_STRIP = NO;
				DEBUG_INFORMATION_FORMAT = dwarf;
				ENABLE_STRICT_OBJC_MSGSEND = YES;
				ENABLE_TESTABILITY = YES;
				GCC_C_LANGUAGE_STANDARD = gnu11;
				GCC_DYNAMIC_NO_PIC = NO;
				GCC_NO_COMMON_BLOCKS = YES;
				GCC_OPTIMIZATION_LEVEL = 0;
				GCC_PREPROCESSOR_DEFINITIONS = (
					"DEBUG=1",
					"$(inherited)",
				);
				GCC_WARN_64_TO_32_BIT_CONVERSION = YES;
				GCC_WARN_ABOUT_RETURN_TYPE = YES_ERROR;
				GCC_WARN_UNDECLARED_SELECTOR = YES;
				GCC_WARN_UNINITIALIZED_AUTOS = YES_AGGRESSIVE;
				GCC_WARN_UNUSED_FUNCTION = YES;
				GCC_WARN_UNUSED_VARIABLE = YES;
				IPHONEOS_DEPLOYMENT_TARGET = 13.5;
				MTL_ENABLE_DEBUG_INFO = INCLUDE_SOURCE;
				MTL_FAST_MATH = YES;
				ONLY_ACTIVE_ARCH = YES;
				SDKROOT = iphoneos;
				SWIFT_ACTIVE_COMPILATION_CONDITIONS = DEBUG;
				SWIFT_OPTIMIZATION_LEVEL = "-Onone";
			};
			name = Debug;
		};
		AB9ABDB524AD55E1003E950E /* Release */ = {
			isa = XCBuildConfiguration;
			buildSettings = {
				ALWAYS_SEARCH_USER_PATHS = NO;
				CLANG_ANALYZER_NONNULL = YES;
				CLANG_ANALYZER_NUMBER_OBJECT_CONVERSION = YES_AGGRESSIVE;
				CLANG_CXX_LANGUAGE_STANDARD = "gnu++14";
				CLANG_CXX_LIBRARY = "libc++";
				CLANG_ENABLE_MODULES = YES;
				CLANG_ENABLE_OBJC_ARC = YES;
				CLANG_ENABLE_OBJC_WEAK = YES;
				CLANG_WARN_BLOCK_CAPTURE_AUTORELEASING = YES;
				CLANG_WARN_BOOL_CONVERSION = YES;
				CLANG_WARN_COMMA = YES;
				CLANG_WARN_CONSTANT_CONVERSION = YES;
				CLANG_WARN_DEPRECATED_OBJC_IMPLEMENTATIONS = YES;
				CLANG_WARN_DIRECT_OBJC_ISA_USAGE = YES_ERROR;
				CLANG_WARN_DOCUMENTATION_COMMENTS = YES;
				CLANG_WARN_EMPTY_BODY = YES;
				CLANG_WARN_ENUM_CONVERSION = YES;
				CLANG_WARN_INFINITE_RECURSION = YES;
				CLANG_WARN_INT_CONVERSION = YES;
				CLANG_WARN_NON_LITERAL_NULL_CONVERSION = YES;
				CLANG_WARN_OBJC_IMPLICIT_RETAIN_SELF = YES;
				CLANG_WARN_OBJC_LITERAL_CONVERSION = YES;
				CLANG_WARN_OBJC_ROOT_CLASS = YES_ERROR;
				CLANG_WARN_RANGE_LOOP_ANALYSIS = YES;
				CLANG_WARN_STRICT_PROTOTYPES = YES;
				CLANG_WARN_SUSPICIOUS_MOVE = YES;
				CLANG_WARN_UNGUARDED_AVAILABILITY = YES_AGGRESSIVE;
				CLANG_WARN_UNREACHABLE_CODE = YES;
				CLANG_WARN__DUPLICATE_METHOD_MATCH = YES;
				COPY_PHASE_STRIP = NO;
				DEBUG_INFORMATION_FORMAT = "dwarf-with-dsym";
				ENABLE_NS_ASSERTIONS = NO;
				ENABLE_STRICT_OBJC_MSGSEND = YES;
				GCC_C_LANGUAGE_STANDARD = gnu11;
				GCC_NO_COMMON_BLOCKS = YES;
				GCC_WARN_64_TO_32_BIT_CONVERSION = YES;
				GCC_WARN_ABOUT_RETURN_TYPE = YES_ERROR;
				GCC_WARN_UNDECLARED_SELECTOR = YES;
				GCC_WARN_UNINITIALIZED_AUTOS = YES_AGGRESSIVE;
				GCC_WARN_UNUSED_FUNCTION = YES;
				GCC_WARN_UNUSED_VARIABLE = YES;
				IPHONEOS_DEPLOYMENT_TARGET = 13.5;
				MTL_ENABLE_DEBUG_INFO = NO;
				MTL_FAST_MATH = YES;
				SDKROOT = iphoneos;
				SWIFT_COMPILATION_MODE = wholemodule;
				SWIFT_OPTIMIZATION_LEVEL = "-O";
				VALIDATE_PRODUCT = YES;
			};
			name = Release;
		};
		AB9ABDB724AD55E1003E950E /* Debug */ = {
			isa = XCBuildConfiguration;
			buildSettings = {
				ASSETCATALOG_COMPILER_APPICON_NAME = AppIcon;
				CODE_SIGN_STYLE = Automatic;
				DEVELOPMENT_TEAM = 69Y2XBHVDM;
				INFOPLIST_FILE = HS4Prim/Resources/Info.plist;
				LD_RUNPATH_SEARCH_PATHS = (
					"$(inherited)",
					"@executable_path/Frameworks",
				);
				PRODUCT_BUNDLE_IDENTIFIER = com.shackelford.HS4Prim;
				PRODUCT_NAME = "$(TARGET_NAME)";
				SWIFT_VERSION = 5.0;
				TARGETED_DEVICE_FAMILY = "1,2";
			};
			name = Debug;
		};
		AB9ABDB824AD55E1003E950E /* Release */ = {
			isa = XCBuildConfiguration;
			buildSettings = {
				ASSETCATALOG_COMPILER_APPICON_NAME = AppIcon;
				CODE_SIGN_STYLE = Automatic;
				DEVELOPMENT_TEAM = 69Y2XBHVDM;
				INFOPLIST_FILE = HS4Prim/Resources/Info.plist;
				LD_RUNPATH_SEARCH_PATHS = (
					"$(inherited)",
					"@executable_path/Frameworks",
				);
				PRODUCT_BUNDLE_IDENTIFIER = com.shackelford.HS4Prim;
				PRODUCT_NAME = "$(TARGET_NAME)";
				SWIFT_VERSION = 5.0;
				TARGETED_DEVICE_FAMILY = "1,2";
			};
			name = Release;
		};
/* End XCBuildConfiguration section */

/* Begin XCConfigurationList section */
		AB9ABD9D24AD55E0003E950E /* Build configuration list for PBXProject "HS4Prim" */ = {
			isa = XCConfigurationList;
			buildConfigurations = (
				AB9ABDB424AD55E1003E950E /* Debug */,
				AB9ABDB524AD55E1003E950E /* Release */,
			);
			defaultConfigurationIsVisible = 0;
			defaultConfigurationName = Release;
		};
		AB9ABDB624AD55E1003E950E /* Build configuration list for PBXNativeTarget "HS4Prim" */ = {
			isa = XCConfigurationList;
			buildConfigurations = (
				AB9ABDB724AD55E1003E950E /* Debug */,
				AB9ABDB824AD55E1003E950E /* Release */,
			);
			defaultConfigurationIsVisible = 0;
			defaultConfigurationName = Release;
		};
/* End XCConfigurationList section */
	};
	rootObject = AB9ABD9A24AD55E0003E950E /* Project object */;
}
